
Microsoft Visual Studio Solution File, Format Version 12.00
# Visual Studio Version 17
VisualStudioVersion = 17.7.34024.191
MinimumVisualStudioVersion = 10.0.40219.1
Project("{FAE04EC0-301F-11D3-BF4B-00C04F79EFBC}") = "NetCoreAPIMySQL", "NetCoreAPIMySQL\NetCoreAPIMySQL.csproj", "{8959724B-5929-4627-9BBE-CEB10F7187AE}"
EndProject
Project("{FAE04EC0-301F-11D3-BF4B-00C04F79EFBC}") = "NetCoreAPIMySQL.Data", "NetCoreAPIMySQL.Data\NetCoreAPIMySQL.Data.csproj", "{78C77444-9FD9-46DC-950E-E9EDCD017D53}"
EndProject
Project("{FAE04EC0-301F-11D3-BF4B-00C04F79EFBC}") = "NetCoreAPIMySQL.Model", "NetCoreAPIMySQL.Model\NetCoreAPIMySQL.Model.csproj", "{AE7129B0-F251-40AA-B5FD-997242253D09}"
EndProject
Global
	GlobalSection(SolutionConfigurationPlatforms) = preSolution
		Debug|Any CPU = Debug|Any CPU
		Release|Any CPU = Release|Any CPU
	EndGlobalSection
	GlobalSection(ProjectConfigurationPlatforms) = postSolution
		{8959724B-5929-4627-9BBE-CEB10F7187AE}.Debug|Any CPU.ActiveCfg = Debug|Any CPU
		{8959724B-5929-4627-9BBE-CEB10F7187AE}.Debug|Any CPU.Build.0 = Debug|Any CPU
		{8959724B-5929-4627-9BBE-CEB10F7187AE}.Release|Any CPU.ActiveCfg = Release|Any CPU
		{8959724B-5929-4627-9BBE-CEB10F7187AE}.Release|Any CPU.Build.0 = Release|Any CPU
		{78C77444-9FD9-46DC-950E-E9EDCD017D53}.Debug|Any CPU.ActiveCfg = Debug|Any CPU
		{78C77444-9FD9-46DC-950E-E9EDCD017D53}.Debug|Any CPU.Build.0 = Debug|Any CPU
		{78C77444-9FD9-46DC-950E-E9EDCD017D53}.Release|Any CPU.ActiveCfg = Release|Any CPU
		{78C77444-9FD9-46DC-950E-E9EDCD017D53}.Release|Any CPU.Build.0 = Release|Any CPU
		{AE7129B0-F251-40AA-B5FD-997242253D09}.Debug|Any CPU.ActiveCfg = Debug|Any CPU
		{AE7129B0-F251-40AA-B5FD-997242253D09}.Debug|Any CPU.Build.0 = Debug|Any CPU
		{AE7129B0-F251-40AA-B5FD-997242253D09}.Release|Any CPU.ActiveCfg = Release|Any CPU
		{AE7129B0-F251-40AA-B5FD-997242253D09}.Release|Any CPU.Build.0 = Release|Any CPU
	EndGlobalSection
	GlobalSection(SolutionProperties) = preSolution
		HideSolutionNode = FALSE
	EndGlobalSection
	GlobalSection(ExtensibilityGlobals) = postSolution
		SolutionGuid = {E105FC2B-06D2-4BF9-B9F0-05185035B693}
	EndGlobalSection
EndGlobal
